
Microsoft Visual Studio Solution File, Format Version 12.00
# Visual Studio Version 17
VisualStudioVersion = 17.0.31903.59
MinimumVisualStudioVersion = 10.0.40219.1
Project("{2150E333-8FDC-42A3-9474-1A3956D46DE8}") = "src", "src", "{BCC791E8-9F18-4B8F-B6B1-5A6539B6BF68}"
EndProject
Project("{FAE04EC0-301F-11D3-BF4B-00C04F79EFBC}") = "TicketManager.Cli", "src\TicketManager.Cli\TicketManager.Cli.csproj", "{36B4BE70-09C5-4091-917A-0408B3FB3E17}"
EndProject
Project("{2150E333-8FDC-42A3-9474-1A3956D46DE8}") = "tests", "tests", "{20F7C9B0-751C-47C9-B403-7749E5C00CCC}"
EndProject
Project("{FAE04EC0-301F-11D3-BF4B-00C04F79EFBC}") = "TicketManager.UnitTests", "tests\TicketManager.UnitTests\TicketManager.UnitTests.csproj", "{01C99AC1-6538-4481-B5CE-E3B74FDB4FCF}"
EndProject
Project("{FAE04EC0-301F-11D3-BF4B-00C04F79EFBC}") = "TicketManager.IntegrationTests", "tests\TicketManager.IntegrationTests\TicketManager.IntegrationTests.csproj", "{EC7987FE-6C68-4A3F-AB31-D68425C11701}"
EndProject
Global
	GlobalSection(SolutionConfigurationPlatforms) = preSolution
		Debug|Any CPU = Debug|Any CPU
		Release|Any CPU = Release|Any CPU
	EndGlobalSection
	GlobalSection(SolutionProperties) = preSolution
		HideSolutionNode = FALSE
	EndGlobalSection
	GlobalSection(ProjectConfigurationPlatforms) = postSolution
		{36B4BE70-09C5-4091-917A-0408B3FB3E17}.Debug|Any CPU.ActiveCfg = Debug|Any CPU
		{36B4BE70-09C5-4091-917A-0408B3FB3E17}.Debug|Any CPU.Build.0 = Debug|Any CPU
		{36B4BE70-09C5-4091-917A-0408B3FB3E17}.Release|Any CPU.ActiveCfg = Release|Any CPU
		{36B4BE70-09C5-4091-917A-0408B3FB3E17}.Release|Any CPU.Build.0 = Release|Any CPU
		{01C99AC1-6538-4481-B5CE-E3B74FDB4FCF}.Debug|Any CPU.ActiveCfg = Debug|Any CPU
		{01C99AC1-6538-4481-B5CE-E3B74FDB4FCF}.Debug|Any CPU.Build.0 = Debug|Any CPU
		{01C99AC1-6538-4481-B5CE-E3B74FDB4FCF}.Release|Any CPU.ActiveCfg = Release|Any CPU
		{01C99AC1-6538-4481-B5CE-E3B74FDB4FCF}.Release|Any CPU.Build.0 = Release|Any CPU
		{EC7987FE-6C68-4A3F-AB31-D68425C11701}.Debug|Any CPU.ActiveCfg = Debug|Any CPU
		{EC7987FE-6C68-4A3F-AB31-D68425C11701}.Debug|Any CPU.Build.0 = Debug|Any CPU
		{EC7987FE-6C68-4A3F-AB31-D68425C11701}.Release|Any CPU.ActiveCfg = Release|Any CPU
		{EC7987FE-6C68-4A3F-AB31-D68425C11701}.Release|Any CPU.Build.0 = Release|Any CPU
	EndGlobalSection
	GlobalSection(NestedProjects) = preSolution
		{36B4BE70-09C5-4091-917A-0408B3FB3E17} = {BCC791E8-9F18-4B8F-B6B1-5A6539B6BF68}
		{01C99AC1-6538-4481-B5CE-E3B74FDB4FCF} = {20F7C9B0-751C-47C9-B403-7749E5C00CCC}
		{EC7987FE-6C68-4A3F-AB31-D68425C11701} = {20F7C9B0-751C-47C9-B403-7749E5C00CCC}
	EndGlobalSection
EndGlobal
